<?xml version="1.0" encoding="utf-8"?>
<Project xmlns="http://schemas.microsoft.com/developer/msbuild/2003">
  <ItemGroup>
    <Filter Include="Form Files">
      <UniqueIdentifier>{99349809-55BA-4b9d-BF79-8FDBB0286EB3}</UniqueIdentifier>
      <Extensions>ui</Extensions>
      <ParseFiles>false</ParseFiles>
    </Filter>
    <Filter Include="Form Files">
      <UniqueIdentifier>{99349809-55BA-4b9d-BF79-8FDBB0286EB3}</UniqueIdentifier>
      <Extensions>ui</Extensions>
      <ParseFiles>false</ParseFiles>
    </Filter>
    <Filter Include="Generated Files">
      <UniqueIdentifier>{71ED8ED8-ACB9-4CE9-BBE1-E00B30144E11}</UniqueIdentifier>
      <Extensions>cpp;c;cxx;moc;h;def;odl;idl;res;</Extensions>
    </Filter>
    <Filter Include="Generated Files">
      <UniqueIdentifier>{71ED8ED8-ACB9-4CE9-BBE1-E00B30144E11}</UniqueIdentifier>
      <Extensions>cpp;c;cxx;moc;h;def;odl;idl;res;</Extensions>
    </Filter>
    <Filter Include="Header Files">
      <UniqueIdentifier>{93995380-89BD-4b04-88EB-625FBE52EBFB}</UniqueIdentifier>
      <Extensions>h;hpp;hxx;hm;inl;inc;xsd</Extensions>
    </Filter>
    <Filter Include="Header Files">
      <UniqueIdentifier>{93995380-89BD-4b04-88EB-625FBE52EBFB}</UniqueIdentifier>
      <Extensions>h;hpp;hxx;hm;inl;inc;xsd</Extensions>
    </Filter>
    <Filter Include="Resource Files">
      <UniqueIdentifier>{D9D6E242-F8AF-46E4-B9FD-80ECBC20BA3E}</UniqueIdentifier>
      <Extensions>qrc;*</Extensions>
      <ParseFiles>false</ParseFiles>
    </Filter>
    <Filter Include="Resource Files">
      <UniqueIdentifier>{D9D6E242-F8AF-46E4-B9FD-80ECBC20BA3E}</UniqueIdentifier>
      <Extensions>qrc;*</Extensions>
      <ParseFiles>false</ParseFiles>
    </Filter>
    <Filter Include="Source Files">
      <UniqueIdentifier>{4FC737F1-C7A5-4376-A066-2A32D752A2FF}</UniqueIdentifier>
      <Extensions>cpp;c;cxx;def;odl;idl;hpj;bat;asm;asmx</Extensions>
    </Filter>
    <Filter Include="Source Files">
      <UniqueIdentifier>{4FC737F1-C7A5-4376-A066-2A32D752A2FF}</UniqueIdentifier>
      <Extensions>cpp;c;cxx;def;odl;idl;hpj;bat;asm;asmx</Extensions>
    </Filter>
    <Filter Include="Windows">
      <UniqueIdentifier>{9744d574-a2a4-422d-b27b-9477fe7f9adb}</UniqueIdentifier>
    </Filter>
    <Filter Include="Video fx">
      <UniqueIdentifier>{fb25c6a2-0989-4730-91a4-70e787a5cd32}</UniqueIdentifier>
    </Filter>
    <Filter Include="Custom Widgets">
      <UniqueIdentifier>{4784d6af-c275-4e62-8304-0e2ecfecf856}</UniqueIdentifier>
    </Filter>
  </ItemGroup>
  <ItemGroup>
    <ClCompile Include="VideoEditor.cpp">
      <Filter>Source Files</Filter>
    </ClCompile>
    <ClCompile Include="main.cpp">
      <Filter>Source Files</Filter>
    </ClCompile>
    <ClCompile Include="AudioAnalyser.cpp">
      <Filter>Generated Files</Filter>
    </ClCompile>
    <ClCompile Include="AudioRecognition.cpp">
      <Filter>Generated Files</Filter>
    </ClCompile>
    <ClCompile Include="EffectsContainer.cpp">
      <Filter>Generated Files</Filter>
    </ClCompile>
    <ClCompile Include="FastFourierTransform.cpp">
      <Filter>Generated Files</Filter>
    </ClCompile>
    <ClCompile Include="MediaManager.cpp">
      <Filter>Generated Files</Filter>
    </ClCompile>
    <ClCompile Include="Player.cpp">
      <Filter>Generated Files</Filter>
    </ClCompile>
    <ClCompile Include="Project.cpp">
      <Filter>Generated Files</Filter>
    </ClCompile>
    <ClCompile Include="VideoLoader.cpp">
      <Filter>Generated Files</Filter>
    </ClCompile>
    <ClCompile Include="StartPageWindow.cpp">
      <Filter>Windows</Filter>
    </ClCompile>
    <ClCompile Include="ProjectSettingsWIndow.cpp">
      <Filter>Windows</Filter>
    </ClCompile>
    <ClCompile Include="MedianBlurWindow.cpp">
      <Filter>Windows</Filter>
    </ClCompile>
    <ClCompile Include="AudioFrame.cpp">
      <Filter>Custom Widgets</Filter>
    </ClCompile>
    <ClCompile Include="MediaFrame.cpp">
      <Filter>Custom Widgets</Filter>
    </ClCompile>
    <ClCompile Include="VideoEffect.cpp">
      <Filter>Video fx</Filter>
    </ClCompile>
    <ClCompile Include="MedianBlur.cpp">
      <Filter>Video fx</Filter>
    </ClCompile>
    <ClCompile Include="GausianBlurWindow.cpp">
      <Filter>Windows</Filter>
    </ClCompile>
    <ClCompile Include="GausianBlur.cpp">
      <Filter>Video fx</Filter>
    </ClCompile>
    <ClCompile Include="PreviewPlayer.cpp">
      <Filter>Custom Widgets</Filter>
    </ClCompile>
    <ClCompile Include="QGLCanvas.cpp">
      <Filter>Custom Widgets</Filter>
    </ClCompile>
    <ClCompile Include="TimeLine.cpp">
      <Filter>Custom Widgets</Filter>
    </ClCompile>
    <ClCompile Include="TimeLineSlider.cpp">
      <Filter>Custom Widgets</Filter>
    </ClCompile>
    <ClCompile Include="VideoFrame.cpp">
      <Filter>Custom Widgets</Filter>
    </ClCompile>
    <ClCompile Include="SingleLine.cpp">
      <Filter>Source Files</Filter>
    </ClCompile>
  </ItemGroup>
  <ItemGroup>
    <QtMoc Include="VideoEditor.h">
      <Filter>Header Files</Filter>
    </QtMoc>
    <QtMoc Include="Tester.cpp">
      <Filter>Generated Files</Filter>
    </QtMoc>
    <QtMoc Include="Player.h">
      <Filter>Generated Files</Filter>
    </QtMoc>
    <QtMoc Include="AudioRecognition.h">
      <Filter>Generated Files</Filter>
    </QtMoc>
    <QtMoc Include="Tester.h">
      <Filter>Generated Files</Filter>
    </QtMoc>
    <QtMoc Include="StartPageWindow.h">
      <Filter>Windows</Filter>
    </QtMoc>
    <QtMoc Include="ProjectSettingsWIndow.h">
      <Filter>Windows</Filter>
    </QtMoc>
    <QtMoc Include="MedianBlurWindow.h">
      <Filter>Windows</Filter>
    </QtMoc>
    <QtMoc Include="AudioFrame.h">
      <Filter>Custom Widgets</Filter>
    </QtMoc>
    <QtMoc Include="GausianBlurWindow.h">
      <Filter>Windows</Filter>
    </QtMoc>
    <QtMoc Include="PreviewPlayer.h">
      <Filter>Custom Widgets</Filter>
    </QtMoc>
    <QtMoc Include="QGLCanvas.h">
      <Filter>Custom Widgets</Filter>
    </QtMoc>
    <QtMoc Include="TimeLine.h">
      <Filter>Custom Widgets</Filter>
    </QtMoc>
    <QtMoc Include="VideoFrame.h">
      <Filter>Custom Widgets</Filter>
    </QtMoc>
    <QtMoc Include="SingleLine.h">
      <Filter>Header Files</Filter>
    </QtMoc>
  </ItemGroup>
  <ItemGroup>
    <QtUic Include="VideoEditor.ui">
      <Filter>Form Files</Filter>
    </QtUic>
    <QtUic Include="AudioFrame.ui">
      <Filter>Form Files</Filter>
    </QtUic>
    <QtUic Include="GausianBlurWindow.ui">
      <Filter>Form Files</Filter>
    </QtUic>
    <QtUic Include="MedianBlurWindow.ui">
      <Filter>Form Files</Filter>
    </QtUic>
    <QtUic Include="PreviewPlayer.ui">
      <Filter>Form Files</Filter>
    </QtUic>
    <QtUic Include="ProjectSettingsWIndow.ui">
      <Filter>Form Files</Filter>
    </QtUic>
    <QtUic Include="StartPageWindow.ui">
      <Filter>Form Files</Filter>
    </QtUic>
    <QtUic Include="TimeLine.ui">
      <Filter>Form Files</Filter>
    </QtUic>
    <QtUic Include="SingleLine.ui">
      <Filter>Form Files</Filter>
    </QtUic>
  </ItemGroup>
  <ItemGroup>
    <QtRcc Include="VideoEditor.qrc">
      <Filter>Resource Files</Filter>
    </QtRcc>
    <None Include="main.qml">
      <Filter>Resource Files</Filter>
    </None>
  </ItemGroup>
  <ItemGroup>
    <ClInclude Include="AudioAnalyser.h">
      <Filter>Generated Files</Filter>
    </ClInclude>
    <ClInclude Include="Project.h">
      <Filter>Generated Files</Filter>
    </ClInclude>
    <ClInclude Include="FastFourierTransform.h">
      <Filter>Generated Files</Filter>
    </ClInclude>
    <ClInclude Include="MediaManager.h">
      <Filter>Generated Files</Filter>
    </ClInclude>
    <ClInclude Include="VideoLoader.h">
      <Filter>Generated Files</Filter>
    </ClInclude>
    <ClInclude Include="MediaFrame.h">
      <Filter>Custom Widgets</Filter>
    </ClInclude>
    <ClInclude Include="VideoEffect.h">
      <Filter>Video fx</Filter>
    </ClInclude>
    <ClInclude Include="MedianBlur.h">
      <Filter>Video fx</Filter>
    </ClInclude>
    <ClInclude Include="GausianBlur.h">
      <Filter>Video fx</Filter>
    </ClInclude>
    <ClInclude Include="EffectsContainer.h">
      <Filter>Generated Files</Filter>
    </ClInclude>
    <ClInclude Include="TimeLineSlider.h">
      <Filter>Custom Widgets</Filter>
    </ClInclude>
  </ItemGroup>
  <ItemGroup>
    <None Include="cpp.hint" />
  </ItemGroup>
</Project>