<?xml version="1.0" encoding="utf-8"?>
<Project xmlns="http://schemas.microsoft.com/developer/msbuild/2003">
  <ItemGroup>
    <Filter Include="Form Files">
      <UniqueIdentifier>{99349809-55BA-4b9d-BF79-8FDBB0286EB3}</UniqueIdentifier>
      <Extensions>ui</Extensions>
      <ParseFiles>false</ParseFiles>
    </Filter>
    <Filter Include="Form Files">
      <UniqueIdentifier>{99349809-55BA-4b9d-BF79-8FDBB0286EB3}</UniqueIdentifier>
      <Extensions>ui</Extensions>
      <ParseFiles>false</ParseFiles>
    </Filter>
    <Filter Include="Generated Files">
      <UniqueIdentifier>{71ED8ED8-ACB9-4CE9-BBE1-E00B30144E11}</UniqueIdentifier>
      <Extensions>cpp;c;cxx;moc;h;def;odl;idl;res;</Extensions>
    </Filter>
    <Filter Include="Generated Files">
      <UniqueIdentifier>{71ED8ED8-ACB9-4CE9-BBE1-E00B30144E11}</UniqueIdentifier>
      <Extensions>cpp;c;cxx;moc;h;def;odl;idl;res;</Extensions>
    </Filter>
    <Filter Include="Header Files">
      <UniqueIdentifier>{93995380-89BD-4b04-88EB-625FBE52EBFB}</UniqueIdentifier>
      <Extensions>h;hpp;hxx;hm;inl;inc;xsd</Extensions>
    </Filter>
    <Filter Include="Header Files">
      <UniqueIdentifier>{93995380-89BD-4b04-88EB-625FBE52EBFB}</UniqueIdentifier>
      <Extensions>h;hpp;hxx;hm;inl;inc;xsd</Extensions>
    </Filter>
    <Filter Include="Resource Files">
      <UniqueIdentifier>{D9D6E242-F8AF-46E4-B9FD-80ECBC20BA3E}</UniqueIdentifier>
      <Extensions>qrc;*</Extensions>
      <ParseFiles>false</ParseFiles>
    </Filter>
    <Filter Include="Resource Files">
      <UniqueIdentifier>{D9D6E242-F8AF-46E4-B9FD-80ECBC20BA3E}</UniqueIdentifier>
      <Extensions>qrc;*</Extensions>
      <ParseFiles>false</ParseFiles>
    </Filter>
    <Filter Include="Source Files">
      <UniqueIdentifier>{4FC737F1-C7A5-4376-A066-2A32D752A2FF}</UniqueIdentifier>
      <Extensions>cpp;c;cxx;def;odl;idl;hpj;bat;asm;asmx</Extensions>
    </Filter>
    <Filter Include="Source Files">
      <UniqueIdentifier>{4FC737F1-C7A5-4376-A066-2A32D752A2FF}</UniqueIdentifier>
      <Extensions>cpp;c;cxx;def;odl;idl;hpj;bat;asm;asmx</Extensions>
    </Filter>
  </ItemGroup>
  <ItemGroup>
    <ClCompile Include="VideoEditor.cpp">
      <Filter>Source Files</Filter>
    </ClCompile>
    <ClCompile Include="main.cpp">
      <Filter>Source Files</Filter>
    </ClCompile>
    <ClCompile Include="PreviewPlayer.cpp">
      <Filter>Source Files</Filter>
    </ClCompile>
    <ClCompile Include="Player.cpp">
      <Filter>Source Files</Filter>
    </ClCompile>
    <ClCompile Include="TimeLine.cpp">
      <Filter>Source Files</Filter>
    </ClCompile>
    <ClCompile Include="MediaManager.cpp">
      <Filter>Generated Files</Filter>
    </ClCompile>
    <ClCompile Include="VideoLoader.cpp">
      <Filter>Source Files</Filter>
    </ClCompile>
    <ClCompile Include="FastFourierTransform.cpp">
      <Filter>Generated Files</Filter>
    </ClCompile>
    <ClCompile Include="AudioRecognition.cpp">
      <Filter>Generated Files</Filter>
    </ClCompile>
    <ClCompile Include="AudioAnalyser.cpp">
      <Filter>Generated Files</Filter>
    </ClCompile>
    <ClCompile Include="AudioFrame.cpp">
      <Filter>Source Files</Filter>
    </ClCompile>
    <ClCompile Include="VideoFrame.cpp">
      <Filter>Source Files</Filter>
    </ClCompile>
    <ClCompile Include="MediaFrame.cpp">
      <Filter>Generated Files</Filter>
    </ClCompile>
    <ClCompile Include="TimeLineSlider.cpp">
      <Filter>Source Files</Filter>
    </ClCompile>
    <ClCompile Include="Effect.cpp">
      <Filter>Generated Files</Filter>
    </ClCompile>
    <ClCompile Include="GausianBlur.cpp">
      <Filter>Generated Files</Filter>
    </ClCompile>
    <ClCompile Include="GausianBlurWindow.cpp">
      <Filter>Source Files</Filter>
    </ClCompile>
  </ItemGroup>
  <ItemGroup>
    <QtMoc Include="VideoEditor.h">
      <Filter>Header Files</Filter>
    </QtMoc>
    <QtMoc Include="PreviewPlayer.h">
      <Filter>Header Files</Filter>
    </QtMoc>
    <QtMoc Include="Player.h">
      <Filter>Header Files</Filter>
    </QtMoc>
    <QtMoc Include="TimeLine.h">
      <Filter>Header Files</Filter>
    </QtMoc>
    <QtMoc Include="AudioRecognition.h">
      <Filter>Generated Files</Filter>
    </QtMoc>
    <QtMoc Include="Tester.cpp">
      <Filter>Source Files</Filter>
    </QtMoc>
    <QtMoc Include="AudioFrame.h">
      <Filter>Header Files</Filter>
    </QtMoc>
    <QtMoc Include="VideoFrame.h">
      <Filter>Header Files</Filter>
    </QtMoc>
    <QtMoc Include="GausianBlurWindow.h">
      <Filter>Header Files</Filter>
    </QtMoc>
  </ItemGroup>
  <ItemGroup>
    <QtUic Include="VideoEditor.ui">
      <Filter>Form Files</Filter>
    </QtUic>
    <QtUic Include="PreviewPlayer.ui">
      <Filter>Form Files</Filter>
    </QtUic>
    <QtUic Include="TimeLine.ui">
      <Filter>Form Files</Filter>
    </QtUic>
    <QtUic Include="AudioFrame.ui">
      <Filter>Form Files</Filter>
    </QtUic>
    <QtUic Include="GausianBlurWindow.ui">
      <Filter>Form Files</Filter>
    </QtUic>
  </ItemGroup>
  <ItemGroup>
    <QtRcc Include="VideoEditor.qrc">
      <Filter>Resource Files</Filter>
    </QtRcc>
    <None Include="main.qml">
      <Filter>Resource Files</Filter>
    </None>
  </ItemGroup>
  <ItemGroup>
    <ClInclude Include="MediaManager.h">
      <Filter>Generated Files</Filter>
    </ClInclude>
    <ClInclude Include="VideoLoader.h">
      <Filter>Header Files</Filter>
    </ClInclude>
    <ClInclude Include="FastFourierTransform.h">
      <Filter>Generated Files</Filter>
    </ClInclude>
    <ClInclude Include="AudioAnalyser.h">
      <Filter>Generated Files</Filter>
    </ClInclude>
    <ClInclude Include="MediaFrame.h">
      <Filter>Generated Files</Filter>
    </ClInclude>
    <ClInclude Include="TimeLineSlider.h">
      <Filter>Header Files</Filter>
    </ClInclude>
    <ClInclude Include="Effect.h">
      <Filter>Generated Files</Filter>
    </ClInclude>
    <ClInclude Include="GausianBlur.h">
      <Filter>Generated Files</Filter>
    </ClInclude>
  </ItemGroup>
  <ItemGroup>
    <None Include="cpp.hint" />
  </ItemGroup>
</Project>